// !$*UTF8*$!
{
	archiveVersion = 1;
	classes = {
	};
	objectVersion = 77;
	objects = {

/* Begin PBXContainerItemProxy section */
		4B03FB022D36646700FE2DE0 /* PBXContainerItemProxy */ = {
			isa = PBXContainerItemProxy;
			containerPortal = 4B03FAE42D36646600FE2DE0 /* Project object */;
			proxyType = 1;
			remoteGlobalIDString = 4B03FAEB2D36646600FE2DE0;
			remoteInfo = "Test-Observation1-Ios";
		};
		4B03FB0C2D36646700FE2DE0 /* PBXContainerItemProxy */ = {
			isa = PBXContainerItemProxy;
			containerPortal = 4B03FAE42D36646600FE2DE0 /* Project object */;
			proxyType = 1;
			remoteGlobalIDString = 4B03FAEB2D36646600FE2DE0;
			remoteInfo = "Test-Observation1-Ios";
		};
/* End PBXContainerItemProxy section */

/* Begin PBXFileReference section */
		4B03FAEC2D36646600FE2DE0 /* Test-Observation1-Ios.app */ = {isa = PBXFileReference; explicitFileType = wrapper.application; includeInIndex = 0; path = "Test-Observation1-Ios.app"; sourceTree = BUILT_PRODUCTS_DIR; };
		4B03FB012D36646700FE2DE0 /* Test-Observation1-IosTests.xctest */ = {isa = PBXFileReference; explicitFileType = wrapper.cfbundle; includeInIndex = 0; path = "Test-Observation1-IosTests.xctest"; sourceTree = BUILT_PRODUCTS_DIR; };
		4B03FB0B2D36646700FE2DE0 /* Test-Observation1-IosUITests.xctest */ = {isa = PBXFileReference; explicitFileType = wrapper.cfbundle; includeInIndex = 0; path = "Test-Observation1-IosUITests.xctest"; sourceTree = BUILT_PRODUCTS_DIR; };
/* End PBXFileReference section */

/* Begin PBXFileSystemSynchronizedRootGroup section */
		4B03FAEE2D36646600FE2DE0 /* Test-Observation1-Ios */ = {
			isa = PBXFileSystemSynchronizedRootGroup;
			path = "Test-Observation1-Ios";
			sourceTree = "<group>";
		};
		4B03FB042D36646700FE2DE0 /* Test-Observation1-IosTests */ = {
			isa = PBXFileSystemSynchronizedRootGroup;
			path = "Test-Observation1-IosTests";
			sourceTree = "<group>";
		};
		4B03FB0E2D36646700FE2DE0 /* Test-Observation1-IosUITests */ = {
			isa = PBXFileSystemSynchronizedRootGroup;
			path = "Test-Observation1-IosUITests";
			sourceTree = "<group>";
		};
/* End PBXFileSystemSynchronizedRootGroup section */

/* Begin PBXFrameworksBuildPhase section */
		4B03FAE92D36646600FE2DE0 /* Frameworks */ = {
			isa = PBXFrameworksBuildPhase;
			buildActionMask = 2147483647;
			files = (
			);
			runOnlyForDeploymentPostprocessing = 0;
		};
		4B03FAFE2D36646700FE2DE0 /* Frameworks */ = {
			isa = PBXFrameworksBuildPhase;
			buildActionMask = 2147483647;
			files = (
			);
			runOnlyForDeploymentPostprocessing = 0;
		};
		4B03FB082D36646700FE2DE0 /* Frameworks */ = {
			isa = PBXFrameworksBuildPhase;
			buildActionMask = 2147483647;
			files = (
			);
			runOnlyForDeploymentPostprocessing = 0;
		};
/* End PBXFrameworksBuildPhase section */

/* Begin PBXGroup section */
		4B03FAE32D36646600FE2DE0 = {
			isa = PBXGroup;
			children = (
				4B03FAEE2D36646600FE2DE0 /* Test-Observation1-Ios */,
				4B03FB042D36646700FE2DE0 /* Test-Observation1-IosTests */,
				4B03FB0E2D36646700FE2DE0 /* Test-Observation1-IosUITests */,
				4B03FAED2D36646600FE2DE0 /* Products */,
			);
			sourceTree = "<group>";
		};
		4B03FAED2D36646600FE2DE0 /* Products */ = {
			isa = PBXGroup;
			children = (
				4B03FAEC2D36646600FE2DE0 /* Test-Observation1-Ios.app */,
				4B03FB012D36646700FE2DE0 /* Test-Observation1-IosTests.xctest */,
				4B03FB0B2D36646700FE2DE0 /* Test-Observation1-IosUITests.xctest */,
			);
			name = Products;
			sourceTree = "<group>";
		};
/* End PBXGroup section */

/* Begin PBXNativeTarget section */
		4B03FAEB2D36646600FE2DE0 /* Test-Observation1-Ios */ = {
			isa = PBXNativeTarget;
			buildConfigurationList = 4B03FB152D36646700FE2DE0 /* Build configuration list for PBXNativeTarget "Test-Observation1-Ios" */;
			buildPhases = (
				4B03FAE82D36646600FE2DE0 /* Sources */,
				4B03FAE92D36646600FE2DE0 /* Frameworks */,
				4B03FAEA2D36646600FE2DE0 /* Resources */,
			);
			buildRules = (
			);
			dependencies = (
			);
			fileSystemSynchronizedGroups = (
				4B03FAEE2D36646600FE2DE0 /* Test-Observation1-Ios */,
			);
			name = "Test-Observation1-Ios";
			packageProductDependencies = (
			);
			productName = "Test-Observation1-Ios";
			productReference = 4B03FAEC2D36646600FE2DE0 /* Test-Observation1-Ios.app */;
			productType = "com.apple.product-type.application";
		};
		4B03FB002D36646700FE2DE0 /* Test-Observation1-IosTests */ = {
			isa = PBXNativeTarget;
			buildConfigurationList = 4B03FB182D36646700FE2DE0 /* Build configuration list for PBXNativeTarget "Test-Observation1-IosTests" */;
			buildPhases = (
				4B03FAFD2D36646700FE2DE0 /* Sources */,
				4B03FAFE2D36646700FE2DE0 /* Frameworks */,
				4B03FAFF2D36646700FE2DE0 /* Resources */,
			);
			buildRules = (
			);
			dependencies = (
				4B03FB032D36646700FE2DE0 /* PBXTargetDependency */,
			);
			fileSystemSynchronizedGroups = (
				4B03FB042D36646700FE2DE0 /* Test-Observation1-IosTests */,
			);
			name = "Test-Observation1-IosTests";
			packageProductDependencies = (
			);
			productName = "Test-Observation1-IosTests";
			productReference = 4B03FB012D36646700FE2DE0 /* Test-Observation1-IosTests.xctest */;
			productType = "com.apple.product-type.bundle.unit-test";
		};
		4B03FB0A2D36646700FE2DE0 /* Test-Observation1-IosUITests */ = {
			isa = PBXNativeTarget;
			buildConfigurationList = 4B03FB1B2D36646700FE2DE0 /* Build configuration list for PBXNativeTarget "Test-Observation1-IosUITests" */;
			buildPhases = (
				4B03FB072D36646700FE2DE0 /* Sources */,
				4B03FB082D36646700FE2DE0 /* Frameworks */,
				4B03FB092D36646700FE2DE0 /* Resources */,
			);
			buildRules = (
			);
			dependencies = (
				4B03FB0D2D36646700FE2DE0 /* PBXTargetDependency */,
			);
			fileSystemSynchronizedGroups = (
				4B03FB0E2D36646700FE2DE0 /* Test-Observation1-IosUITests */,
			);
			name = "Test-Observation1-IosUITests";
			packageProductDependencies = (
			);
			productName = "Test-Observation1-IosUITests";
			productReference = 4B03FB0B2D36646700FE2DE0 /* Test-Observation1-IosUITests.xctest */;
			productType = "com.apple.product-type.bundle.ui-testing";
		};
/* End PBXNativeTarget section */

/* Begin PBXProject section */
		4B03FAE42D36646600FE2DE0 /* Project object */ = {
			isa = PBXProject;
			attributes = {
				BuildIndependentTargetsInParallel = 1;
				LastSwiftUpdateCheck = 1620;
				LastUpgradeCheck = 1620;
				TargetAttributes = {
					4B03FAEB2D36646600FE2DE0 = {
						CreatedOnToolsVersion = 16.2;
					};
					4B03FB002D36646700FE2DE0 = {
						CreatedOnToolsVersion = 16.2;
						TestTargetID = 4B03FAEB2D36646600FE2DE0;
					};
					4B03FB0A2D36646700FE2DE0 = {
						CreatedOnToolsVersion = 16.2;
						TestTargetID = 4B03FAEB2D36646600FE2DE0;
					};
				};
			};
			buildConfigurationList = 4B03FAE72D36646600FE2DE0 /* Build configuration list for PBXProject "Test-Observation1-Ios" */;
			developmentRegion = en;
			hasScannedForEncodings = 0;
			knownRegions = (
				en,
				Base,
			);
			mainGroup = 4B03FAE32D36646600FE2DE0;
			minimizedProjectReferenceProxies = 1;
			preferredProjectObjectVersion = 77;
			productRefGroup = 4B03FAED2D36646600FE2DE0 /* Products */;
			projectDirPath = "";
			projectRoot = "";
			targets = (
				4B03FAEB2D36646600FE2DE0 /* Test-Observation1-Ios */,
				4B03FB002D36646700FE2DE0 /* Test-Observation1-IosTests */,
				4B03FB0A2D36646700FE2DE0 /* Test-Observation1-IosUITests */,
			);
		};
/* End PBXProject section */

/* Begin PBXResourcesBuildPhase section */
		4B03FAEA2D36646600FE2DE0 /* Resources */ = {
			isa = PBXResourcesBuildPhase;
			buildActionMask = 2147483647;
			files = (
			);
			runOnlyForDeploymentPostprocessing = 0;
		};
		4B03FAFF2D36646700FE2DE0 /* Resources */ = {
			isa = PBXResourcesBuildPhase;
			buildActionMask = 2147483647;
			files = (
			);
			runOnlyForDeploymentPostprocessing = 0;
		};
		4B03FB092D36646700FE2DE0 /* Resources */ = {
			isa = PBXResourcesBuildPhase;
			buildActionMask = 2147483647;
			files = (
			);
			runOnlyForDeploymentPostprocessing = 0;
		};
/* End PBXResourcesBuildPhase section */

/* Begin PBXSourcesBuildPhase section */
		4B03FAE82D36646600FE2DE0 /* Sources */ = {
			isa = PBXSourcesBuildPhase;
			buildActionMask = 2147483647;
			files = (
			);
			runOnlyForDeploymentPostprocessing = 0;
		};
		4B03FAFD2D36646700FE2DE0 /* Sources */ = {
			isa = PBXSourcesBuildPhase;
			buildActionMask = 2147483647;
			files = (
			);
			runOnlyForDeploymentPostprocessing = 0;
		};
		4B03FB072D36646700FE2DE0 /* Sources */ = {
			isa = PBXSourcesBuildPhase;
			buildActionMask = 2147483647;
			files = (
			);
			runOnlyForDeploymentPostprocessing = 0;
		};
/* End PBXSourcesBuildPhase section */

/* Begin PBXTargetDependency section */
		4B03FB032D36646700FE2DE0 /* PBXTargetDependency */ = {
			isa = PBXTargetDependency;
			target = 4B03FAEB2D36646600FE2DE0 /* Test-Observation1-Ios */;
			targetProxy = 4B03FB022D36646700FE2DE0 /* PBXContainerItemProxy */;
		};
		4B03FB0D2D36646700FE2DE0 /* PBXTargetDependency */ = {
			isa = PBXTargetDependency;
			target = 4B03FAEB2D36646600FE2DE0 /* Test-Observation1-Ios */;
			targetProxy = 4B03FB0C2D36646700FE2DE0 /* PBXContainerItemProxy */;
		};
/* End PBXTargetDependency section */

/* Begin XCBuildConfiguration section */
		4B03FB132D36646700FE2DE0 /* Debug */ = {
			isa = XCBuildConfiguration;
			buildSettings = {
				ALWAYS_SEARCH_USER_PATHS = NO;
				ASSETCATALOG_COMPILER_GENERATE_SWIFT_ASSET_SYMBOL_EXTENSIONS = YES;
				CLANG_ANALYZER_NONNULL = YES;
				CLANG_ANALYZER_NUMBER_OBJECT_CONVERSION = YES_AGGRESSIVE;
				CLANG_CXX_LANGUAGE_STANDARD = "gnu++20";
				CLANG_ENABLE_MODULES = YES;
				CLANG_ENABLE_OBJC_ARC = YES;
				CLANG_ENABLE_OBJC_WEAK = YES;
				CLANG_WARN_BLOCK_CAPTURE_AUTORELEASING = YES;
				CLANG_WARN_BOOL_CONVERSION = YES;
				CLANG_WARN_COMMA = YES;
				CLANG_WARN_CONSTANT_CONVERSION = YES;
				CLANG_WARN_DEPRECATED_OBJC_IMPLEMENTATIONS = YES;
				CLANG_WARN_DIRECT_OBJC_ISA_USAGE = YES_ERROR;
				CLANG_WARN_DOCUMENTATION_COMMENTS = YES;
				CLANG_WARN_EMPTY_BODY = YES;
				CLANG_WARN_ENUM_CONVERSION = YES;
				CLANG_WARN_INFINITE_RECURSION = YES;
				CLANG_WARN_INT_CONVERSION = YES;
				CLANG_WARN_NON_LITERAL_NULL_CONVERSION = YES;
				CLANG_WARN_OBJC_IMPLICIT_RETAIN_SELF = YES;
				CLANG_WARN_OBJC_LITERAL_CONVERSION = YES;
				CLANG_WARN_OBJC_ROOT_CLASS = YES_ERROR;
				CLANG_WARN_QUOTED_INCLUDE_IN_FRAMEWORK_HEADER = YES;
				CLANG_WARN_RANGE_LOOP_ANALYSIS = YES;
				CLANG_WARN_STRICT_PROTOTYPES = YES;
				CLANG_WARN_SUSPICIOUS_MOVE = YES;
				CLANG_WARN_UNGUARDED_AVAILABILITY = YES_AGGRESSIVE;
				CLANG_WARN_UNREACHABLE_CODE = YES;
				CLANG_WARN__DUPLICATE_METHOD_MATCH = YES;
				COPY_PHASE_STRIP = NO;
				DEBUG_INFORMATION_FORMAT = dwarf;
				ENABLE_STRICT_OBJC_MSGSEND = YES;
				ENABLE_TESTABILITY = YES;
				ENABLE_USER_SCRIPT_SANDBOXING = YES;
				GCC_C_LANGUAGE_STANDARD = gnu17;
				GCC_DYNAMIC_NO_PIC = NO;
				GCC_NO_COMMON_BLOCKS = YES;
				GCC_OPTIMIZATION_LEVEL = 0;
				GCC_PREPROCESSOR_DEFINITIONS = (
					"DEBUG=1",
					"$(inherited)",
				);
				GCC_WARN_64_TO_32_BIT_CONVERSION = YES;
				GCC_WARN_ABOUT_RETURN_TYPE = YES_ERROR;
				GCC_WARN_UNDECLARED_SELECTOR = YES;
				GCC_WARN_UNINITIALIZED_AUTOS = YES_AGGRESSIVE;
				GCC_WARN_UNUSED_FUNCTION = YES;
				GCC_WARN_UNUSED_VARIABLE = YES;
				IPHONEOS_DEPLOYMENT_TARGET = 18.2;
				LOCALIZATION_PREFERS_STRING_CATALOGS = YES;
				MTL_ENABLE_DEBUG_INFO = INCLUDE_SOURCE;
				MTL_FAST_MATH = YES;
				ONLY_ACTIVE_ARCH = YES;
				SDKROOT = iphoneos;
				SWIFT_ACTIVE_COMPILATION_CONDITIONS = "DEBUG $(inherited)";
				SWIFT_OPTIMIZATION_LEVEL = "-Onone";
			};
			name = Debug;
		};
		4B03FB142D36646700FE2DE0 /* Release */ = {
			isa = XCBuildConfiguration;
			buildSettings = {
				ALWAYS_SEARCH_USER_PATHS = NO;
				ASSETCATALOG_COMPILER_GENERATE_SWIFT_ASSET_SYMBOL_EXTENSIONS = YES;
				CLANG_ANALYZER_NONNULL = YES;
				CLANG_ANALYZER_NUMBER_OBJECT_CONVERSION = YES_AGGRESSIVE;
				CLANG_CXX_LANGUAGE_STANDARD = "gnu++20";
				CLANG_ENABLE_MODULES = YES;
				CLANG_ENABLE_OBJC_ARC = YES;
				CLANG_ENABLE_OBJC_WEAK = YES;
				CLANG_WARN_BLOCK_CAPTURE_AUTORELEASING = YES;
				CLANG_WARN_BOOL_CONVERSION = YES;
				CLANG_WARN_COMMA = YES;
				CLANG_WARN_CONSTANT_CONVERSION = YES;
				CLANG_WARN_DEPRECATED_OBJC_IMPLEMENTATIONS = YES;
				CLANG_WARN_DIRECT_OBJC_ISA_USAGE = YES_ERROR;
				CLANG_WARN_DOCUMENTATION_COMMENTS = YES;
				CLANG_WARN_EMPTY_BODY = YES;
				CLANG_WARN_ENUM_CONVERSION = YES;
				CLANG_WARN_INFINITE_RECURSION = YES;
				CLANG_WARN_INT_CONVERSION = YES;
				CLANG_WARN_NON_LITERAL_NULL_CONVERSION = YES;
				CLANG_WARN_OBJC_IMPLICIT_RETAIN_SELF = YES;
				CLANG_WARN_OBJC_LITERAL_CONVERSION = YES;
				CLANG_WARN_OBJC_ROOT_CLASS = YES_ERROR;
				CLANG_WARN_QUOTED_INCLUDE_IN_FRAMEWORK_HEADER = YES;
				CLANG_WARN_RANGE_LOOP_ANALYSIS = YES;
				CLANG_WARN_STRICT_PROTOTYPES = YES;
				CLANG_WARN_SUSPICIOUS_MOVE = YES;
				CLANG_WARN_UNGUARDED_AVAILABILITY = YES_AGGRESSIVE;
				CLANG_WARN_UNREACHABLE_CODE = YES;
				CLANG_WARN__DUPLICATE_METHOD_MATCH = YES;
				COPY_PHASE_STRIP = NO;
				DEBUG_INFORMATION_FORMAT = "dwarf-with-dsym";
				ENABLE_NS_ASSERTIONS = NO;
				ENABLE_STRICT_OBJC_MSGSEND = YES;
				ENABLE_USER_SCRIPT_SANDBOXING = YES;
				GCC_C_LANGUAGE_STANDARD = gnu17;
				GCC_NO_COMMON_BLOCKS = YES;
				GCC_WARN_64_TO_32_BIT_CONVERSION = YES;
				GCC_WARN_ABOUT_RETURN_TYPE = YES_ERROR;
				GCC_WARN_UNDECLARED_SELECTOR = YES;
				GCC_WARN_UNINITIALIZED_AUTOS = YES_AGGRESSIVE;
				GCC_WARN_UNUSED_FUNCTION = YES;
				GCC_WARN_UNUSED_VARIABLE = YES;
				IPHONEOS_DEPLOYMENT_TARGET = 18.2;
				LOCALIZATION_PREFERS_STRING_CATALOGS = YES;
				MTL_ENABLE_DEBUG_INFO = NO;
				MTL_FAST_MATH = YES;
				SDKROOT = iphoneos;
				SWIFT_COMPILATION_MODE = wholemodule;
				VALIDATE_PRODUCT = YES;
			};
			name = Release;
		};
		4B03FB162D36646700FE2DE0 /* Debug */ = {
			isa = XCBuildConfiguration;
			buildSettings = {
				ASSETCATALOG_COMPILER_APPICON_NAME = AppIcon;
				ASSETCATALOG_COMPILER_GLOBAL_ACCENT_COLOR_NAME = AccentColor;
				CODE_SIGN_STYLE = Automatic;
				CURRENT_PROJECT_VERSION = 1;
				DEVELOPMENT_ASSET_PATHS = "\"Test-Observation1-Ios/Preview Content\"";
				ENABLE_PREVIEWS = YES;
				GENERATE_INFOPLIST_FILE = YES;
				INFOPLIST_KEY_UIApplicationSceneManifest_Generation = YES;
				INFOPLIST_KEY_UIApplicationSupportsIndirectInputEvents = YES;
				INFOPLIST_KEY_UILaunchScreen_Generation = YES;
				INFOPLIST_KEY_UISupportedInterfaceOrientations_iPad = "UIInterfaceOrientationPortrait UIInterfaceOrientationPortraitUpsideDown UIInterfaceOrientationLandscapeLeft UIInterfaceOrientationLandscapeRight";
				INFOPLIST_KEY_UISupportedInterfaceOrientations_iPhone = "UIInterfaceOrientationPortrait UIInterfaceOrientationLandscapeLeft UIInterfaceOrientationLandscapeRight";
				LD_RUNPATH_SEARCH_PATHS = (
					"$(inherited)",
					"@executable_path/Frameworks",
				);
				MARKETING_VERSION = 1.0;
				PRODUCT_BUNDLE_IDENTIFIER = "IOS.kooli.Test-Observation1-Ios";
				PRODUCT_NAME = "$(TARGET_NAME)";
				SWIFT_EMIT_LOC_STRINGS = YES;
				SWIFT_VERSION = 5.0;
				TARGETED_DEVICE_FAMILY = "1,2";
			};
			name = Debug;
		};
		4B03FB172D36646700FE2DE0 /* Release */ = {
			isa = XCBuildConfiguration;
			buildSettings = {
				ASSETCATALOG_COMPILER_APPICON_NAME = AppIcon;
				ASSETCATALOG_COMPILER_GLOBAL_ACCENT_COLOR_NAME = AccentColor;
				CODE_SIGN_STYLE = Automatic;
				CURRENT_PROJECT_VERSION = 1;
				DEVELOPMENT_ASSET_PATHS = "\"Test-Observation1-Ios/Preview Content\"";
				ENABLE_PREVIEWS = YES;
				GENERATE_INFOPLIST_FILE = YES;
				INFOPLIST_KEY_UIApplicationSceneManifest_Generation = YES;
				INFOPLIST_KEY_UIApplicationSupportsIndirectInputEvents = YES;
				INFOPLIST_KEY_UILaunchScreen_Generation = YES;
				INFOPLIST_KEY_UISupportedInterfaceOrientations_iPad = "UIInterfaceOrientationPortrait UIInterfaceOrientationPortraitUpsideDown UIInterfaceOrientationLandscapeLeft UIInterfaceOrientationLandscapeRight";
				INFOPLIST_KEY_UISupportedInterfaceOrientations_iPhone = "UIInterfaceOrientationPortrait UIInterfaceOrientationLandscapeLeft UIInterfaceOrientationLandscapeRight";
				LD_RUNPATH_SEARCH_PATHS = (
					"$(inherited)",
					"@executable_path/Frameworks",
				);
				MARKETING_VERSION = 1.0;
				PRODUCT_BUNDLE_IDENTIFIER = "IOS.kooli.Test-Observation1-Ios";
				PRODUCT_NAME = "$(TARGET_NAME)";
				SWIFT_EMIT_LOC_STRINGS = YES;
				SWIFT_VERSION = 5.0;
				TARGETED_DEVICE_FAMILY = "1,2";
			};
			name = Release;
		};
		4B03FB192D36646700FE2DE0 /* Debug */ = {
			isa = XCBuildConfiguration;
			buildSettings = {
				BUNDLE_LOADER = "$(TEST_HOST)";
				CODE_SIGN_STYLE = Automatic;
				CURRENT_PROJECT_VERSION = 1;
				GENERATE_INFOPLIST_FILE = YES;
				IPHONEOS_DEPLOYMENT_TARGET = 18.2;
				MARKETING_VERSION = 1.0;
				PRODUCT_BUNDLE_IDENTIFIER = "IOS.kooli.Test-Observation1-IosTests";
				PRODUCT_NAME = "$(TARGET_NAME)";
				SWIFT_EMIT_LOC_STRINGS = NO;
				SWIFT_VERSION = 5.0;
				TARGETED_DEVICE_FAMILY = "1,2";
				TEST_HOST = "$(BUILT_PRODUCTS_DIR)/Test-Observation1-Ios.app/$(BUNDLE_EXECUTABLE_FOLDER_PATH)/Test-Observation1-Ios";
			};
			name = Debug;
		};
		4B03FB1A2D36646700FE2DE0 /* Release */ = {
			isa = XCBuildConfiguration;
			buildSettings = {
				BUNDLE_LOADER = "$(TEST_HOST)";
				CODE_SIGN_STYLE = Automatic;
				CURRENT_PROJECT_VERSION = 1;
				GENERATE_INFOPLIST_FILE = YES;
				IPHONEOS_DEPLOYMENT_TARGET = 18.2;
				MARKETING_VERSION = 1.0;
				PRODUCT_BUNDLE_IDENTIFIER = "IOS.kooli.Test-Observation1-IosTests";
				PRODUCT_NAME = "$(TARGET_NAME)";
				SWIFT_EMIT_LOC_STRINGS = NO;
				SWIFT_VERSION = 5.0;
				TARGETED_DEVICE_FAMILY = "1,2";
				TEST_HOST = "$(BUILT_PRODUCTS_DIR)/Test-Observation1-Ios.app/$(BUNDLE_EXECUTABLE_FOLDER_PATH)/Test-Observation1-Ios";
			};
			name = Release;
		};
		4B03FB1C2D36646700FE2DE0 /* Debug */ = {
			isa = XCBuildConfiguration;
			buildSettings = {
				CODE_SIGN_STYLE = Automatic;
				CURRENT_PROJECT_VERSION = 1;
				GENERATE_INFOPLIST_FILE = YES;
				MARKETING_VERSION = 1.0;
				PRODUCT_BUNDLE_IDENTIFIER = "IOS.kooli.Test-Observation1-IosUITests";
				PRODUCT_NAME = "$(TARGET_NAME)";
				SWIFT_EMIT_LOC_STRINGS = NO;
				SWIFT_VERSION = 5.0;
				TARGETED_DEVICE_FAMILY = "1,2";
				TEST_TARGET_NAME = "Test-Observation1-Ios";
			};
			name = Debug;
		};
		4B03FB1D2D36646700FE2DE0 /* Release */ = {
			isa = XCBuildConfiguration;
			buildSettings = {
				CODE_SIGN_STYLE = Automatic;
				CURRENT_PROJECT_VERSION = 1;
				GENERATE_INFOPLIST_FILE = YES;
				MARKETING_VERSION = 1.0;
				PRODUCT_BUNDLE_IDENTIFIER = "IOS.kooli.Test-Observation1-IosUITests";
				PRODUCT_NAME = "$(TARGET_NAME)";
				SWIFT_EMIT_LOC_STRINGS = NO;
				SWIFT_VERSION = 5.0;
				TARGETED_DEVICE_FAMILY = "1,2";
				TEST_TARGET_NAME = "Test-Observation1-Ios";
			};
			name = Release;
		};
/* End XCBuildConfiguration section */

/* Begin XCConfigurationList section */
		4B03FAE72D36646600FE2DE0 /* Build configuration list for PBXProject "Test-Observation1-Ios" */ = {
			isa = XCConfigurationList;
			buildConfigurations = (
				4B03FB132D36646700FE2DE0 /* Debug */,
				4B03FB142D36646700FE2DE0 /* Release */,
			);
			defaultConfigurationIsVisible = 0;
			defaultConfigurationName = Release;
		};
		4B03FB152D36646700FE2DE0 /* Build configuration list for PBXNativeTarget "Test-Observation1-Ios" */ = {
			isa = XCConfigurationList;
			buildConfigurations = (
				4B03FB162D36646700FE2DE0 /* Debug */,
				4B03FB172D36646700FE2DE0 /* Release */,
			);
			defaultConfigurationIsVisible = 0;
			defaultConfigurationName = Release;
		};
		4B03FB182D36646700FE2DE0 /* Build configuration list for PBXNativeTarget "Test-Observation1-IosTests" */ = {
			isa = XCConfigurationList;
			buildConfigurations = (
				4B03FB192D36646700FE2DE0 /* Debug */,
				4B03FB1A2D36646700FE2DE0 /* Release */,
			);
			defaultConfigurationIsVisible = 0;
			defaultConfigurationName = Release;
		};
		4B03FB1B2D36646700FE2DE0 /* Build configuration list for PBXNativeTarget "Test-Observation1-IosUITests" */ = {
			isa = XCConfigurationList;
			buildConfigurations = (
				4B03FB1C2D36646700FE2DE0 /* Debug */,
				4B03FB1D2D36646700FE2DE0 /* Release */,
			);
			defaultConfigurationIsVisible = 0;
			defaultConfigurationName = Release;
		};
/* End XCConfigurationList section */
	};
	rootObject = 4B03FAE42D36646600FE2DE0 /* Project object */;
}
